{
    "_readme": [
        "This file locks the dependencies of your project to a known state",
        "Read more about it at https://getcomposer.org/doc/01-basic-usage.md#installing-dependencies",
        "This file is @generated automatically"
    ],
    "content-hash": "81e51b21b7e83225f90824438ad024d9",
    "packages": [
        {
            "name": "banago/phploy",
            "version": "v4.9.1",
            "source": {
                "type": "git",
                "url": "https://github.com/banago/PHPloy.git",
                "reference": "fb46117914cccc929f8acb8deffcb936c9575ade"
            },
            "dist": {
                "type": "zip",
                "url": "https://api.github.com/repos/banago/PHPloy/zipball/fb46117914cccc929f8acb8deffcb936c9575ade",
                "reference": "fb46117914cccc929f8acb8deffcb936c9575ade",
                "shasum": ""
            },
            "require": {
                "league/climate": ">=3.0.0",
                "league/flysystem": ">=1.0.0",
                "league/flysystem-sftp": ">=1.0.14",
                "php": ">=7.0.0"
            },
            "require-dev": {
                "phpunit/phpunit": ">=4.8.36",
                "teqneers/php-stream-wrapper-for-git": ">=1.0.1 <2"
            },
            "bin": [
                "bin/phploy"
            ],
            "type": "library",
            "autoload": {
                "files": [
                    "src/utils.php"
                ],
                "psr-4": {
                    "Banago\\PHPloy\\": "src"
                }
            },
            "notification-url": "https://packagist.org/downloads/",
            "license": [
                "MIT"
            ],
            "authors": [
                {
                    "name": "Baki Goxhaj",
                    "email": "banago@gmail.com",
                    "homepage": "http://wplancer.com",
                    "role": "Developer"
                }
            ],
            "description": "PHPloy - Incremental Git (S)FTP deployment tool that supports submodules, multiple servers and rollbacks.",
            "keywords": [
                "deploy",
                "ftp",
                "git",
                "sftp"
            ],
            "support": {
                "issues": "https://github.com/banago/PHPloy/issues",
                "source": "https://github.com/banago/PHPloy/tree/v4.9.1"
            },
            "time": "2019-01-31T16:14:55+00:00"
        },
        {
            "name": "league/climate",
            "version": "3.8.2",
            "source": {
                "type": "git",
                "url": "https://github.com/thephpleague/climate.git",
                "reference": "a785a3ac8f584eed4abd45e4e16fe64c46659a28"
            },
            "dist": {
                "type": "zip",
                "url": "https://api.github.com/repos/thephpleague/climate/zipball/a785a3ac8f584eed4abd45e4e16fe64c46659a28",
                "reference": "a785a3ac8f584eed4abd45e4e16fe64c46659a28",
                "shasum": ""
            },
            "require": {
                "php": "^7.3 || ^8.0",
                "psr/log": "^1.0 || ^2.0 || ^3.0",
                "seld/cli-prompt": "^1.0"
            },
            "require-dev": {
                "mikey179/vfsstream": "^1.6.10",
                "mockery/mockery": "^1.4.2",
                "phpunit/phpunit": "^9.5.10"
            },
            "suggest": {
                "ext-mbstring": "If ext-mbstring is not available you MUST install symfony/polyfill-mbstring"
            },
            "type": "library",
            "autoload": {
                "psr-4": {
                    "League\\CLImate\\": "src/"
                }
            },
            "notification-url": "https://packagist.org/downloads/",
            "license": [
                "MIT"
            ],
            "authors": [
                {
                    "name": "Joe Tannenbaum",
                    "email": "hey@joe.codes",
                    "homepage": "http://joe.codes/",
                    "role": "Developer"
                },
                {
                    "name": "Craig Duncan",
                    "email": "git@duncanc.co.uk",
                    "homepage": "https://github.com/duncan3dc",
                    "role": "Developer"
                }
            ],
            "description": "PHP's best friend for the terminal. CLImate allows you to easily output colored text, special formats, and more.",
            "keywords": [
                "cli",
                "colors",
                "command",
                "php",
                "terminal"
            ],
            "support": {
                "issues": "https://github.com/thephpleague/climate/issues",
                "source": "https://github.com/thephpleague/climate/tree/3.8.2"
            },
            "time": "2022-06-18T14:42:08+00:00"
        },
        {
            "name": "league/flysystem",
            "version": "3.19.0",
            "source": {
                "type": "git",
                "url": "https://github.com/thephpleague/flysystem.git",
                "reference": "1b2aa10f2326e0351399b8ce68e287d8e9209a83"
            },
            "dist": {
                "type": "zip",
                "url": "https://api.github.com/repos/thephpleague/flysystem/zipball/1b2aa10f2326e0351399b8ce68e287d8e9209a83",
                "reference": "1b2aa10f2326e0351399b8ce68e287d8e9209a83",
                "shasum": ""
            },
            "require": {
                "league/flysystem-local": "^3.0.0",
                "league/mime-type-detection": "^1.0.0",
                "php": "^8.0.2"
            },
            "conflict": {
                "async-aws/core": "<1.19.0",
                "async-aws/s3": "<1.14.0",
                "aws/aws-sdk-php": "3.209.31 || 3.210.0",
                "guzzlehttp/guzzle": "<7.0",
                "guzzlehttp/ringphp": "<1.1.1",
                "phpseclib/phpseclib": "3.0.15",
                "symfony/http-client": "<5.2"
            },
            "require-dev": {
                "async-aws/s3": "^1.5 || ^2.0",
                "async-aws/simple-s3": "^1.1 || ^2.0",
                "aws/aws-sdk-php": "^3.220.0",
                "composer/semver": "^3.0",
                "ext-fileinfo": "*",
                "ext-ftp": "*",
                "ext-zip": "*",
                "friendsofphp/php-cs-fixer": "^3.5",
                "google/cloud-storage": "^1.23",
                "microsoft/azure-storage-blob": "^1.1",
                "phpseclib/phpseclib": "^3.0.14",
                "phpstan/phpstan": "^1.10",
                "phpunit/phpunit": "^9.5.11|^10.0",
                "sabre/dav": "^4.3.1"
            },
            "type": "library",
            "autoload": {
                "psr-4": {
                    "League\\Flysystem\\": "src"
                }
            },
            "notification-url": "https://packagist.org/downloads/",
            "license": [
                "MIT"
            ],
            "authors": [
                {
                    "name": "Frank de Jonge",
                    "email": "info@frankdejonge.nl"
                }
            ],
            "description": "File storage abstraction for PHP",
            "keywords": [
                "WebDAV",
                "aws",
                "cloud",
                "file",
                "files",
                "filesystem",
                "filesystems",
                "ftp",
                "s3",
                "sftp",
                "storage"
            ],
            "support": {
                "issues": "https://github.com/thephpleague/flysystem/issues",
                "source": "https://github.com/thephpleague/flysystem/tree/3.19.0"
            },
            "funding": [
                {
                    "url": "https://ecologi.com/frankdejonge",
                    "type": "custom"
                },
                {
                    "url": "https://github.com/frankdejonge",
                    "type": "github"
                }
            ],
            "time": "2023-11-07T09:04:28+00:00"
        },
        {
            "name": "league/flysystem-local",
            "version": "3.19.0",
            "source": {
                "type": "git",
                "url": "https://github.com/thephpleague/flysystem-local.git",
                "reference": "8d868217f9eeb4e9a7320db5ccad825e9a7a4076"
            },
            "dist": {
                "type": "zip",
                "url": "https://api.github.com/repos/thephpleague/flysystem-local/zipball/8d868217f9eeb4e9a7320db5ccad825e9a7a4076",
                "reference": "8d868217f9eeb4e9a7320db5ccad825e9a7a4076",
                "shasum": ""
            },
            "require": {
                "ext-fileinfo": "*",
                "league/flysystem": "^3.0.0",
                "league/mime-type-detection": "^1.0.0",
                "php": "^8.0.2"
            },
            "type": "library",
            "autoload": {
                "psr-4": {
                    "League\\Flysystem\\Local\\": ""
                }
            },
            "notification-url": "https://packagist.org/downloads/",
            "license": [
                "MIT"
            ],
            "authors": [
                {
                    "name": "Frank de Jonge",
                    "email": "info@frankdejonge.nl"
                }
            ],
            "description": "Local filesystem adapter for Flysystem.",
            "keywords": [
                "Flysystem",
                "file",
                "files",
                "filesystem",
                "local"
            ],
            "support": {
                "issues": "https://github.com/thephpleague/flysystem-local/issues",
                "source": "https://github.com/thephpleague/flysystem-local/tree/3.19.0"
            },
            "funding": [
                {
                    "url": "https://ecologi.com/frankdejonge",
                    "type": "custom"
                },
                {
                    "url": "https://github.com/frankdejonge",
                    "type": "github"
                }
            ],
            "time": "2023-11-06T20:35:28+00:00"
        },
        {
            "name": "league/flysystem-sftp",
            "version": "3.19.0",
            "source": {
                "type": "git",
                "url": "https://github.com/thephpleague/flysystem-sftp.git",
                "reference": "86f03d79c1adebc56b851afd985ea3527874955a"
            },
            "dist": {
                "type": "zip",
                "url": "https://api.github.com/repos/thephpleague/flysystem-sftp/zipball/86f03d79c1adebc56b851afd985ea3527874955a",
                "reference": "86f03d79c1adebc56b851afd985ea3527874955a",
                "shasum": ""
            },
            "require": {
                "league/flysystem": "^3.0.0",
                "league/mime-type-detection": "^1.0.0",
                "php": "^8.0.2",
                "phpseclib/phpseclib": "^2.0"
            },
            "type": "library",
            "autoload": {
                "psr-4": {
                    "League\\Flysystem\\PhpseclibV2\\": ""
                }
            },
            "notification-url": "https://packagist.org/downloads/",
            "license": [
                "MIT"
            ],
            "authors": [
                {
                    "name": "Frank de Jonge",
                    "email": "info@frankdejonge.nl"
                }
            ],
            "description": "SFTP filesystem adapter for Flysystem.",
            "keywords": [
                "Flysystem",
                "file",
                "files",
                "filesystem",
                "sftp"
            ],
            "support": {
                "issues": "https://github.com/thephpleague/flysystem-sftp/issues",
                "source": "https://github.com/thephpleague/flysystem-sftp/tree/3.19.0"
            },
            "funding": [
                {
                    "url": "https://ecologi.com/frankdejonge",
                    "type": "custom"
                },
                {
                    "url": "https://github.com/frankdejonge",
                    "type": "github"
                }
            ],
            "abandoned": "league/flysystem-sftp-v3",
            "time": "2023-11-04T13:30:44+00:00"
        },
        {
            "name": "league/mime-type-detection",
            "version": "1.14.0",
            "source": {
                "type": "git",
                "url": "https://github.com/thephpleague/mime-type-detection.git",
                "reference": "b6a5854368533df0295c5761a0253656a2e52d9e"
            },
            "dist": {
                "type": "zip",
                "url": "https://api.github.com/repos/thephpleague/mime-type-detection/zipball/b6a5854368533df0295c5761a0253656a2e52d9e",
                "reference": "b6a5854368533df0295c5761a0253656a2e52d9e",
                "shasum": ""
            },
            "require": {
                "ext-fileinfo": "*",
                "php": "^7.4 || ^8.0"
            },
            "require-dev": {
                "friendsofphp/php-cs-fixer": "^3.2",
                "phpstan/phpstan": "^0.12.68",
                "phpunit/phpunit": "^8.5.8 || ^9.3 || ^10.0"
            },
            "type": "library",
            "autoload": {
                "psr-4": {
                    "League\\MimeTypeDetection\\": "src"
                }
            },
            "notification-url": "https://packagist.org/downloads/",
            "license": [
                "MIT"
            ],
            "authors": [
                {
                    "name": "Frank de Jonge",
                    "email": "info@frankdejonge.nl"
                }
            ],
            "description": "Mime-type detection for Flysystem",
            "support": {
                "issues": "https://github.com/thephpleague/mime-type-detection/issues",
                "source": "https://github.com/thephpleague/mime-type-detection/tree/1.14.0"
            },
            "funding": [
                {
                    "url": "https://github.com/frankdejonge",
                    "type": "github"
                },
                {
                    "url": "https://tidelift.com/funding/github/packagist/league/flysystem",
                    "type": "tidelift"
                }
            ],
            "time": "2023-10-17T14:13:20+00:00"
        },
        {
            "name": "phpseclib/phpseclib",
            "version": "2.0.45",
            "source": {
                "type": "git",
                "url": "https://github.com/phpseclib/phpseclib.git",
                "reference": "28d8f438a0064c9de80857e3270d071495544640"
            },
            "dist": {
                "type": "zip",
                "url": "https://api.github.com/repos/phpseclib/phpseclib/zipball/28d8f438a0064c9de80857e3270d071495544640",
                "reference": "28d8f438a0064c9de80857e3270d071495544640",
                "shasum": ""
            },
            "require": {
                "php": ">=5.3.3"
            },
            "require-dev": {
                "phing/phing": "~2.7",
                "phpunit/phpunit": "^4.8.35|^5.7|^6.0|^9.4",
                "squizlabs/php_codesniffer": "~2.0"
            },
            "suggest": {
                "ext-gmp": "Install the GMP (GNU Multiple Precision) extension in order to speed up arbitrary precision integer arithmetic operations.",
                "ext-libsodium": "SSH2/SFTP can make use of some algorithms provided by the libsodium-php extension.",
                "ext-mcrypt": "Install the Mcrypt extension in order to speed up a few other cryptographic operations.",
                "ext-openssl": "Install the OpenSSL extension in order to speed up a wide variety of cryptographic operations.",
                "ext-xml": "Install the XML extension to load XML formatted public keys."
            },
            "type": "library",
            "autoload": {
                "files": [
                    "phpseclib/bootstrap.php"
                ],
                "psr-4": {
                    "phpseclib\\": "phpseclib/"
                }
            },
            "notification-url": "https://packagist.org/downloads/",
            "license": [
                "MIT"
            ],
            "authors": [
                {
                    "name": "Jim Wigginton",
                    "email": "terrafrost@php.net",
                    "role": "Lead Developer"
                },
                {
                    "name": "Patrick Monnerat",
                    "email": "pm@datasphere.ch",
                    "role": "Developer"
                },
                {
                    "name": "Andreas Fischer",
                    "email": "bantu@phpbb.com",
                    "role": "Developer"
                },
                {
                    "name": "Hans-Jürgen Petrich",
                    "email": "petrich@tronic-media.com",
                    "role": "Developer"
                },
                {
                    "name": "Graham Campbell",
                    "email": "graham@alt-three.com",
                    "role": "Developer"
                }
            ],
            "description": "PHP Secure Communications Library - Pure-PHP implementations of RSA, AES, SSH2, SFTP, X.509 etc.",
            "homepage": "http://phpseclib.sourceforge.net",
            "keywords": [
                "BigInteger",
                "aes",
                "asn.1",
                "asn1",
                "blowfish",
                "crypto",
                "cryptography",
                "encryption",
                "rsa",
                "security",
                "sftp",
                "signature",
                "signing",
                "ssh",
                "twofish",
                "x.509",
                "x509"
            ],
            "support": {
                "issues": "https://github.com/phpseclib/phpseclib/issues",
                "source": "https://github.com/phpseclib/phpseclib/tree/2.0.45"
            },
            "funding": [
                {
                    "url": "https://github.com/terrafrost",
                    "type": "github"
                },
                {
                    "url": "https://www.patreon.com/phpseclib",
                    "type": "patreon"
                },
                {
                    "url": "https://tidelift.com/funding/github/packagist/phpseclib/phpseclib",
                    "type": "tidelift"
                }
            ],
            "time": "2023-09-15T20:55:47+00:00"
        },
        {
            "name": "psr/log",
            "version": "3.0.0",
            "source": {
                "type": "git",
                "url": "https://github.com/php-fig/log.git",
                "reference": "fe5ea303b0887d5caefd3d431c3e61ad47037001"
            },
            "dist": {
                "type": "zip",
                "url": "https://api.github.com/repos/php-fig/log/zipball/fe5ea303b0887d5caefd3d431c3e61ad47037001",
                "reference": "fe5ea303b0887d5caefd3d431c3e61ad47037001",
                "shasum": ""
            },
            "require": {
                "php": ">=8.0.0"
            },
            "type": "library",
            "extra": {
                "branch-alias": {
                    "dev-master": "3.x-dev"
                }
            },
            "autoload": {
                "psr-4": {
                    "Psr\\Log\\": "src"
                }
            },
            "notification-url": "https://packagist.org/downloads/",
            "license": [
                "MIT"
            ],
            "authors": [
                {
                    "name": "PHP-FIG",
                    "homepage": "https://www.php-fig.org/"
                }
            ],
            "description": "Common interface for logging libraries",
            "homepage": "https://github.com/php-fig/log",
            "keywords": [
                "log",
                "psr",
                "psr-3"
            ],
            "support": {
                "source": "https://github.com/php-fig/log/tree/3.0.0"
            },
            "time": "2021-07-14T16:46:02+00:00"
        },
        {
            "name": "seld/cli-prompt",
            "version": "1.0.4",
            "source": {
                "type": "git",
                "url": "https://github.com/Seldaek/cli-prompt.git",
                "reference": "b8dfcf02094b8c03b40322c229493bb2884423c5"
            },
            "dist": {
                "type": "zip",
                "url": "https://api.github.com/repos/Seldaek/cli-prompt/zipball/b8dfcf02094b8c03b40322c229493bb2884423c5",
                "reference": "b8dfcf02094b8c03b40322c229493bb2884423c5",
                "shasum": ""
            },
            "require": {
                "php": ">=5.3"
            },
            "require-dev": {
                "phpstan/phpstan": "^0.12.63"
            },
            "type": "library",
            "extra": {
                "branch-alias": {
                    "dev-master": "1.x-dev"
                }
            },
            "autoload": {
                "psr-4": {
                    "Seld\\CliPrompt\\": "src/"
                }
            },
            "notification-url": "https://packagist.org/downloads/",
            "license": [
                "MIT"
            ],
            "authors": [
                {
                    "name": "Jordi Boggiano",
                    "email": "j.boggiano@seld.be"
                }
            ],
            "description": "Allows you to prompt for user input on the command line, and optionally hide the characters they type",
            "keywords": [
                "cli",
                "console",
                "hidden",
                "input",
                "prompt"
            ],
            "support": {
                "issues": "https://github.com/Seldaek/cli-prompt/issues",
                "source": "https://github.com/Seldaek/cli-prompt/tree/1.0.4"
            },
            "time": "2020-12-15T21:32:01+00:00"
        }
    ],
    "packages-dev": [],
    "aliases": [],
    "minimum-stability": "stable",
    "stability-flags": [],
    "prefer-stable": false,
    "prefer-lowest": false,
    "platform": [],
    "platform-dev": [],
    "plugin-api-version": "2.6.0"
}
